// !$*UTF8*$!
{
	archiveVersion = 1;
	classes = {
	};
	objectVersion = 50;
	objects = {

/* Begin PBXBuildFile section */
		396CEFA92411BC8000C1FC41 /* AppDelegate.swift in Sources */ = {isa = PBXBuildFile; fileRef = 396CEFA82411BC8000C1FC41 /* AppDelegate.swift */; };
		396CEFAB2411BC8000C1FC41 /* SceneDelegate.swift in Sources */ = {isa = PBXBuildFile; fileRef = 396CEFAA2411BC8000C1FC41 /* SceneDelegate.swift */; };
		396CEFAE2411BC8000C1FC41 /* Nerdinary.xcdatamodeld in Sources */ = {isa = PBXBuildFile; fileRef = 396CEFAC2411BC8000C1FC41 /* Nerdinary.xcdatamodeld */; };
		396CEFB02411BC8000C1FC41 /* DashBoard.swift in Sources */ = {isa = PBXBuildFile; fileRef = 396CEFAF2411BC8000C1FC41 /* DashBoard.swift */; };
		396CEFB22411BC8300C1FC41 /* Assets.xcassets in Resources */ = {isa = PBXBuildFile; fileRef = 396CEFB12411BC8300C1FC41 /* Assets.xcassets */; };
		396CEFB52411BC8300C1FC41 /* Preview Assets.xcassets in Resources */ = {isa = PBXBuildFile; fileRef = 396CEFB42411BC8300C1FC41 /* Preview Assets.xcassets */; };
		396CEFB82411BC8300C1FC41 /* LaunchScreen.storyboard in Resources */ = {isa = PBXBuildFile; fileRef = 396CEFB62411BC8300C1FC41 /* LaunchScreen.storyboard */; };
		396CEFC32411BC8400C1FC41 /* NerdinaryTests.swift in Sources */ = {isa = PBXBuildFile; fileRef = 396CEFC22411BC8400C1FC41 /* NerdinaryTests.swift */; };
		396CEFCE2411BC8400C1FC41 /* NerdinaryUITests.swift in Sources */ = {isa = PBXBuildFile; fileRef = 396CEFCD2411BC8400C1FC41 /* NerdinaryUITests.swift */; };
		396CEFDC2411BEB800C1FC41 /* LocalWordsView.swift in Sources */ = {isa = PBXBuildFile; fileRef = 396CEFDB2411BEB800C1FC41 /* LocalWordsView.swift */; };
		396CEFDE2411BF6900C1FC41 /* DictEntry.swift in Sources */ = {isa = PBXBuildFile; fileRef = 396CEFDD2411BF6900C1FC41 /* DictEntry.swift */; };
		396CEFE22411C3C500C1FC41 /* NewWordView.swift in Sources */ = {isa = PBXBuildFile; fileRef = 396CEFE12411C3C500C1FC41 /* NewWordView.swift */; };
		3993306B243273E000B087C0 /* ActivityIndicator.swift in Sources */ = {isa = PBXBuildFile; fileRef = 3993306A243273E000B087C0 /* ActivityIndicator.swift */; };
		3993306D2432745900B087C0 /* InputTextField.swift in Sources */ = {isa = PBXBuildFile; fileRef = 3993306C2432745900B087C0 /* InputTextField.swift */; };
		3993306F2432747800B087C0 /* WideButtonView.swift in Sources */ = {isa = PBXBuildFile; fileRef = 3993306E2432747800B087C0 /* WideButtonView.swift */; };
		39933071243274AF00B087C0 /* RegisterButton.swift in Sources */ = {isa = PBXBuildFile; fileRef = 39933070243274AF00B087C0 /* RegisterButton.swift */; };
		399330732432C3EC00B087C0 /* DBProfile.swift in Sources */ = {isa = PBXBuildFile; fileRef = 399330722432C3EC00B087C0 /* DBProfile.swift */; };
		399330752432C52000B087C0 /* DBEntry.swift in Sources */ = {isa = PBXBuildFile; fileRef = 399330742432C52000B087C0 /* DBEntry.swift */; };
		399330772432EA2300B087C0 /* DynamicWordView.swift in Sources */ = {isa = PBXBuildFile; fileRef = 399330762432EA2300B087C0 /* DynamicWordView.swift */; };
		39A0E902241ACCC000248D73 /* RegisterView.swift in Sources */ = {isa = PBXBuildFile; fileRef = 39A0E901241ACCC000248D73 /* RegisterView.swift */; };
		39A0E904241BDACD00248D73 /* ViewExtensionsAndModifiers.swift in Sources */ = {isa = PBXBuildFile; fileRef = 39A0E903241BDACD00248D73 /* ViewExtensionsAndModifiers.swift */; };
		39A0E90A241BDBAA00248D73 /* GlobalWordsView.swift in Sources */ = {isa = PBXBuildFile; fileRef = 39A0E909241BDBAA00248D73 /* GlobalWordsView.swift */; };
		39A0E90E241F238500248D73 /* SettingsView.swift in Sources */ = {isa = PBXBuildFile; fileRef = 39A0E90D241F238500248D73 /* SettingsView.swift */; };
		39A0E911241F259400248D73 /* WordsListView.swift in Sources */ = {isa = PBXBuildFile; fileRef = 39A0E910241F259400248D73 /* WordsListView.swift */; };
		39BB31ED24451ACB009832F2 /* QuizView.swift in Sources */ = {isa = PBXBuildFile; fileRef = 39BB31EC24451ACB009832F2 /* QuizView.swift */; };
		39C6F1D124411D540010D712 /* Entry.swift in Sources */ = {isa = PBXBuildFile; fileRef = 39C6F1D024411D540010D712 /* Entry.swift */; };
		39C7F98724461EEB00823892 /* QuizWordView.swift in Sources */ = {isa = PBXBuildFile; fileRef = 39C7F98624461EEB00823892 /* QuizWordView.swift */; };
		39D19312241AAC49003AA25C /* ViewRouter.swift in Sources */ = {isa = PBXBuildFile; fileRef = 39D19311241AAC49003AA25C /* ViewRouter.swift */; };
		39EDE89F241849F8008A75EE /* LoginView.swift in Sources */ = {isa = PBXBuildFile; fileRef = 39EDE89E241849F8008A75EE /* LoginView.swift */; };
		39EDE8A1241864E7008A75EE /* HostingView.swift in Sources */ = {isa = PBXBuildFile; fileRef = 39EDE8A0241864E7008A75EE /* HostingView.swift */; };
/* End PBXBuildFile section */

/* Begin PBXContainerItemProxy section */
		396CEFBF2411BC8400C1FC41 /* PBXContainerItemProxy */ = {
			isa = PBXContainerItemProxy;
			containerPortal = 396CEF9D2411BC8000C1FC41 /* Project object */;
			proxyType = 1;
			remoteGlobalIDString = 396CEFA42411BC8000C1FC41;
			remoteInfo = Nerdinary;
		};
		396CEFCA2411BC8400C1FC41 /* PBXContainerItemProxy */ = {
			isa = PBXContainerItemProxy;
			containerPortal = 396CEF9D2411BC8000C1FC41 /* Project object */;
			proxyType = 1;
			remoteGlobalIDString = 396CEFA42411BC8000C1FC41;
			remoteInfo = Nerdinary;
		};
/* End PBXContainerItemProxy section */

/* Begin PBXFileReference section */
		396CEFA52411BC8000C1FC41 /* Nerdinary.app */ = {isa = PBXFileReference; explicitFileType = wrapper.application; includeInIndex = 0; path = Nerdinary.app; sourceTree = BUILT_PRODUCTS_DIR; };
		396CEFA82411BC8000C1FC41 /* AppDelegate.swift */ = {isa = PBXFileReference; lastKnownFileType = sourcecode.swift; path = AppDelegate.swift; sourceTree = "<group>"; };
		396CEFAA2411BC8000C1FC41 /* SceneDelegate.swift */ = {isa = PBXFileReference; lastKnownFileType = sourcecode.swift; path = SceneDelegate.swift; sourceTree = "<group>"; };
		396CEFAD2411BC8000C1FC41 /* Nerdinary.xcdatamodel */ = {isa = PBXFileReference; lastKnownFileType = wrapper.xcdatamodel; path = Nerdinary.xcdatamodel; sourceTree = "<group>"; };
		396CEFAF2411BC8000C1FC41 /* DashBoard.swift */ = {isa = PBXFileReference; lastKnownFileType = sourcecode.swift; path = DashBoard.swift; sourceTree = "<group>"; };
		396CEFB12411BC8300C1FC41 /* Assets.xcassets */ = {isa = PBXFileReference; lastKnownFileType = folder.assetcatalog; path = Assets.xcassets; sourceTree = "<group>"; };
		396CEFB42411BC8300C1FC41 /* Preview Assets.xcassets */ = {isa = PBXFileReference; lastKnownFileType = folder.assetcatalog; path = "Preview Assets.xcassets"; sourceTree = "<group>"; };
		396CEFB72411BC8300C1FC41 /* Base */ = {isa = PBXFileReference; lastKnownFileType = file.storyboard; name = Base; path = Base.lproj/LaunchScreen.storyboard; sourceTree = "<group>"; };
		396CEFB92411BC8300C1FC41 /* Info.plist */ = {isa = PBXFileReference; lastKnownFileType = text.plist.xml; path = Info.plist; sourceTree = "<group>"; };
		396CEFBE2411BC8400C1FC41 /* NerdinaryTests.xctest */ = {isa = PBXFileReference; explicitFileType = wrapper.cfbundle; includeInIndex = 0; path = NerdinaryTests.xctest; sourceTree = BUILT_PRODUCTS_DIR; };
		396CEFC22411BC8400C1FC41 /* NerdinaryTests.swift */ = {isa = PBXFileReference; lastKnownFileType = sourcecode.swift; path = NerdinaryTests.swift; sourceTree = "<group>"; };
		396CEFC42411BC8400C1FC41 /* Info.plist */ = {isa = PBXFileReference; lastKnownFileType = text.plist.xml; path = Info.plist; sourceTree = "<group>"; };
		396CEFC92411BC8400C1FC41 /* NerdinaryUITests.xctest */ = {isa = PBXFileReference; explicitFileType = wrapper.cfbundle; includeInIndex = 0; path = NerdinaryUITests.xctest; sourceTree = BUILT_PRODUCTS_DIR; };
		396CEFCD2411BC8400C1FC41 /* NerdinaryUITests.swift */ = {isa = PBXFileReference; lastKnownFileType = sourcecode.swift; path = NerdinaryUITests.swift; sourceTree = "<group>"; };
		396CEFCF2411BC8400C1FC41 /* Info.plist */ = {isa = PBXFileReference; lastKnownFileType = text.plist.xml; path = Info.plist; sourceTree = "<group>"; };
		396CEFDB2411BEB800C1FC41 /* LocalWordsView.swift */ = {isa = PBXFileReference; lastKnownFileType = sourcecode.swift; path = LocalWordsView.swift; sourceTree = "<group>"; };
		396CEFDD2411BF6900C1FC41 /* DictEntry.swift */ = {isa = PBXFileReference; lastKnownFileType = sourcecode.swift; path = DictEntry.swift; sourceTree = "<group>"; };
		396CEFE12411C3C500C1FC41 /* NewWordView.swift */ = {isa = PBXFileReference; lastKnownFileType = sourcecode.swift; path = NewWordView.swift; sourceTree = "<group>"; };
		3993306A243273E000B087C0 /* ActivityIndicator.swift */ = {isa = PBXFileReference; lastKnownFileType = sourcecode.swift; path = ActivityIndicator.swift; sourceTree = "<group>"; };
		3993306C2432745900B087C0 /* InputTextField.swift */ = {isa = PBXFileReference; lastKnownFileType = sourcecode.swift; path = InputTextField.swift; sourceTree = "<group>"; };
		3993306E2432747800B087C0 /* WideButtonView.swift */ = {isa = PBXFileReference; lastKnownFileType = sourcecode.swift; path = WideButtonView.swift; sourceTree = "<group>"; };
		39933070243274AF00B087C0 /* RegisterButton.swift */ = {isa = PBXFileReference; lastKnownFileType = sourcecode.swift; path = RegisterButton.swift; sourceTree = "<group>"; };
		399330722432C3EC00B087C0 /* DBProfile.swift */ = {isa = PBXFileReference; lastKnownFileType = sourcecode.swift; path = DBProfile.swift; sourceTree = "<group>"; };
		399330742432C52000B087C0 /* DBEntry.swift */ = {isa = PBXFileReference; lastKnownFileType = sourcecode.swift; path = DBEntry.swift; sourceTree = "<group>"; };
		399330762432EA2300B087C0 /* DynamicWordView.swift */ = {isa = PBXFileReference; lastKnownFileType = sourcecode.swift; path = DynamicWordView.swift; sourceTree = "<group>"; };
		39A0E901241ACCC000248D73 /* RegisterView.swift */ = {isa = PBXFileReference; lastKnownFileType = sourcecode.swift; path = RegisterView.swift; sourceTree = "<group>"; };
		39A0E903241BDACD00248D73 /* ViewExtensionsAndModifiers.swift */ = {isa = PBXFileReference; lastKnownFileType = sourcecode.swift; path = ViewExtensionsAndModifiers.swift; sourceTree = "<group>"; };
		39A0E909241BDBAA00248D73 /* GlobalWordsView.swift */ = {isa = PBXFileReference; lastKnownFileType = sourcecode.swift; path = GlobalWordsView.swift; sourceTree = "<group>"; };
		39A0E90D241F238500248D73 /* SettingsView.swift */ = {isa = PBXFileReference; lastKnownFileType = sourcecode.swift; path = SettingsView.swift; sourceTree = "<group>"; };
		39A0E910241F259400248D73 /* WordsListView.swift */ = {isa = PBXFileReference; lastKnownFileType = sourcecode.swift; path = WordsListView.swift; sourceTree = "<group>"; };
		39BB31EC24451ACB009832F2 /* QuizView.swift */ = {isa = PBXFileReference; lastKnownFileType = sourcecode.swift; path = QuizView.swift; sourceTree = "<group>"; };
		39C6F1D024411D540010D712 /* Entry.swift */ = {isa = PBXFileReference; lastKnownFileType = sourcecode.swift; path = Entry.swift; sourceTree = "<group>"; };
		39C7F98624461EEB00823892 /* QuizWordView.swift */ = {isa = PBXFileReference; lastKnownFileType = sourcecode.swift; path = QuizWordView.swift; sourceTree = "<group>"; };
		39D19311241AAC49003AA25C /* ViewRouter.swift */ = {isa = PBXFileReference; lastKnownFileType = sourcecode.swift; path = ViewRouter.swift; sourceTree = "<group>"; };
		39EDE89E241849F8008A75EE /* LoginView.swift */ = {isa = PBXFileReference; lastKnownFileType = sourcecode.swift; path = LoginView.swift; sourceTree = "<group>"; };
		39EDE8A0241864E7008A75EE /* HostingView.swift */ = {isa = PBXFileReference; lastKnownFileType = sourcecode.swift; path = HostingView.swift; sourceTree = "<group>"; };
/* End PBXFileReference section */

/* Begin PBXFrameworksBuildPhase section */
		396CEFA22411BC8000C1FC41 /* Frameworks */ = {
			isa = PBXFrameworksBuildPhase;
			buildActionMask = 2147483647;
			files = (
			);
			runOnlyForDeploymentPostprocessing = 0;
		};
		396CEFBB2411BC8400C1FC41 /* Frameworks */ = {
			isa = PBXFrameworksBuildPhase;
			buildActionMask = 2147483647;
			files = (
			);
			runOnlyForDeploymentPostprocessing = 0;
		};
		396CEFC62411BC8400C1FC41 /* Frameworks */ = {
			isa = PBXFrameworksBuildPhase;
			buildActionMask = 2147483647;
			files = (
			);
			runOnlyForDeploymentPostprocessing = 0;
		};
/* End PBXFrameworksBuildPhase section */

/* Begin PBXGroup section */
		396CEF9C2411BC8000C1FC41 = {
			isa = PBXGroup;
			children = (
				396CEFA72411BC8000C1FC41 /* Nerdinary */,
				396CEFC12411BC8400C1FC41 /* NerdinaryTests */,
				396CEFCC2411BC8400C1FC41 /* NerdinaryUITests */,
				396CEFA62411BC8000C1FC41 /* Products */,
			);
			sourceTree = "<group>";
		};
		396CEFA62411BC8000C1FC41 /* Products */ = {
			isa = PBXGroup;
			children = (
				396CEFA52411BC8000C1FC41 /* Nerdinary.app */,
				396CEFBE2411BC8400C1FC41 /* NerdinaryTests.xctest */,
				396CEFC92411BC8400C1FC41 /* NerdinaryUITests.xctest */,
			);
			name = Products;
			sourceTree = "<group>";
		};
		396CEFA72411BC8000C1FC41 /* Nerdinary */ = {
			isa = PBXGroup;
			children = (
				396CEFA82411BC8000C1FC41 /* AppDelegate.swift */,
				396CEFAA2411BC8000C1FC41 /* SceneDelegate.swift */,
				396CEFE524143BE500C1FC41 /* Views */,
				396CEFE624143BEE00C1FC41 /* Model */,
				396CEFB12411BC8300C1FC41 /* Assets.xcassets */,
				396CEFB62411BC8300C1FC41 /* LaunchScreen.storyboard */,
				396CEFB92411BC8300C1FC41 /* Info.plist */,
				396CEFAC2411BC8000C1FC41 /* Nerdinary.xcdatamodeld */,
				396CEFB32411BC8300C1FC41 /* Preview Content */,
			);
			path = Nerdinary;
			sourceTree = "<group>";
		};
		396CEFB32411BC8300C1FC41 /* Preview Content */ = {
			isa = PBXGroup;
			children = (
				396CEFB42411BC8300C1FC41 /* Preview Assets.xcassets */,
			);
			path = "Preview Content";
			sourceTree = "<group>";
		};
		396CEFC12411BC8400C1FC41 /* NerdinaryTests */ = {
			isa = PBXGroup;
			children = (
				396CEFC22411BC8400C1FC41 /* NerdinaryTests.swift */,
				396CEFC42411BC8400C1FC41 /* Info.plist */,
			);
			path = NerdinaryTests;
			sourceTree = "<group>";
		};
		396CEFCC2411BC8400C1FC41 /* NerdinaryUITests */ = {
			isa = PBXGroup;
			children = (
				396CEFCD2411BC8400C1FC41 /* NerdinaryUITests.swift */,
				396CEFCF2411BC8400C1FC41 /* Info.plist */,
			);
			path = NerdinaryUITests;
			sourceTree = "<group>";
		};
		396CEFE524143BE500C1FC41 /* Views */ = {
			isa = PBXGroup;
			children = (
				39A0E907241BDB2C00248D73 /* Navigation */,
				39A0E906241BDB2200248D73 /* Login */,
				39A0E905241BDB0D00248D73 /* Modifiers */,
				39A0E908241BDB4000248D73 /* Main Views */,
				39A0E90F241F24E800248D73 /* Supplementary Views */,
			);
			path = Views;
			sourceTree = "<group>";
		};
		396CEFE624143BEE00C1FC41 /* Model */ = {
			isa = PBXGroup;
			children = (
				396CEFDD2411BF6900C1FC41 /* DictEntry.swift */,
				399330722432C3EC00B087C0 /* DBProfile.swift */,
				399330742432C52000B087C0 /* DBEntry.swift */,
				39C6F1D024411D540010D712 /* Entry.swift */,
			);
			path = Model;
			sourceTree = "<group>";
		};
		39A0E905241BDB0D00248D73 /* Modifiers */ = {
			isa = PBXGroup;
			children = (
				39A0E903241BDACD00248D73 /* ViewExtensionsAndModifiers.swift */,
			);
			path = Modifiers;
			sourceTree = "<group>";
		};
		39A0E906241BDB2200248D73 /* Login */ = {
			isa = PBXGroup;
			children = (
				39EDE89E241849F8008A75EE /* LoginView.swift */,
				39A0E901241ACCC000248D73 /* RegisterView.swift */,
			);
			path = Login;
			sourceTree = "<group>";
		};
		39A0E907241BDB2C00248D73 /* Navigation */ = {
			isa = PBXGroup;
			children = (
				39D19311241AAC49003AA25C /* ViewRouter.swift */,
				39EDE8A0241864E7008A75EE /* HostingView.swift */,
			);
			path = Navigation;
			sourceTree = "<group>";
		};
		39A0E908241BDB4000248D73 /* Main Views */ = {
			isa = PBXGroup;
			children = (
				396CEFAF2411BC8000C1FC41 /* DashBoard.swift */,
				396CEFDB2411BEB800C1FC41 /* LocalWordsView.swift */,
				39A0E909241BDBAA00248D73 /* GlobalWordsView.swift */,
				396CEFE12411C3C500C1FC41 /* NewWordView.swift */,
				39A0E90D241F238500248D73 /* SettingsView.swift */,
				399330762432EA2300B087C0 /* DynamicWordView.swift */,
				39BB31EC24451ACB009832F2 /* QuizView.swift */,
			);
			path = "Main Views";
			sourceTree = "<group>";
		};
		39A0E90F241F24E800248D73 /* Supplementary Views */ = {
			isa = PBXGroup;
			children = (
				39A0E910241F259400248D73 /* WordsListView.swift */,
				3993306A243273E000B087C0 /* ActivityIndicator.swift */,
				3993306C2432745900B087C0 /* InputTextField.swift */,
				3993306E2432747800B087C0 /* WideButtonView.swift */,
				39933070243274AF00B087C0 /* RegisterButton.swift */,
				39C7F98624461EEB00823892 /* QuizWordView.swift */,
			);
			path = "Supplementary Views";
			sourceTree = "<group>";
		};
/* End PBXGroup section */

/* Begin PBXNativeTarget section */
		396CEFA42411BC8000C1FC41 /* Nerdinary */ = {
			isa = PBXNativeTarget;
			buildConfigurationList = 396CEFD22411BC8400C1FC41 /* Build configuration list for PBXNativeTarget "Nerdinary" */;
			buildPhases = (
				396CEFA12411BC8000C1FC41 /* Sources */,
				396CEFA22411BC8000C1FC41 /* Frameworks */,
				396CEFA32411BC8000C1FC41 /* Resources */,
			);
			buildRules = (
			);
			dependencies = (
			);
			name = Nerdinary;
			packageProductDependencies = (
			);
			productName = Nerdinary;
			productReference = 396CEFA52411BC8000C1FC41 /* Nerdinary.app */;
			productType = "com.apple.product-type.application";
		};
		396CEFBD2411BC8400C1FC41 /* NerdinaryTests */ = {
			isa = PBXNativeTarget;
			buildConfigurationList = 396CEFD52411BC8400C1FC41 /* Build configuration list for PBXNativeTarget "NerdinaryTests" */;
			buildPhases = (
				396CEFBA2411BC8400C1FC41 /* Sources */,
				396CEFBB2411BC8400C1FC41 /* Frameworks */,
				396CEFBC2411BC8400C1FC41 /* Resources */,
			);
			buildRules = (
			);
			dependencies = (
				396CEFC02411BC8400C1FC41 /* PBXTargetDependency */,
			);
			name = NerdinaryTests;
			productName = NerdinaryTests;
			productReference = 396CEFBE2411BC8400C1FC41 /* NerdinaryTests.xctest */;
			productType = "com.apple.product-type.bundle.unit-test";
		};
		396CEFC82411BC8400C1FC41 /* NerdinaryUITests */ = {
			isa = PBXNativeTarget;
			buildConfigurationList = 396CEFD82411BC8400C1FC41 /* Build configuration list for PBXNativeTarget "NerdinaryUITests" */;
			buildPhases = (
				396CEFC52411BC8400C1FC41 /* Sources */,
				396CEFC62411BC8400C1FC41 /* Frameworks */,
				396CEFC72411BC8400C1FC41 /* Resources */,
			);
			buildRules = (
			);
			dependencies = (
				396CEFCB2411BC8400C1FC41 /* PBXTargetDependency */,
			);
			name = NerdinaryUITests;
			productName = NerdinaryUITests;
			productReference = 396CEFC92411BC8400C1FC41 /* NerdinaryUITests.xctest */;
			productType = "com.apple.product-type.bundle.ui-testing";
		};
/* End PBXNativeTarget section */

/* Begin PBXProject section */
		396CEF9D2411BC8000C1FC41 /* Project object */ = {
			isa = PBXProject;
			attributes = {
				LastSwiftUpdateCheck = 1130;
				LastUpgradeCheck = 1130;
				ORGANIZATIONNAME = "Josh Jaslow";
				TargetAttributes = {
					396CEFA42411BC8000C1FC41 = {
						CreatedOnToolsVersion = 11.3.1;
					};
					396CEFBD2411BC8400C1FC41 = {
						CreatedOnToolsVersion = 11.3.1;
						TestTargetID = 396CEFA42411BC8000C1FC41;
					};
					396CEFC82411BC8400C1FC41 = {
						CreatedOnToolsVersion = 11.3.1;
						TestTargetID = 396CEFA42411BC8000C1FC41;
					};
				};
			};
			buildConfigurationList = 396CEFA02411BC8000C1FC41 /* Build configuration list for PBXProject "Nerdinary" */;
			compatibilityVersion = "Xcode 9.3";
			developmentRegion = en;
			hasScannedForEncodings = 0;
			knownRegions = (
				en,
				Base,
			);
			mainGroup = 396CEF9C2411BC8000C1FC41;
			packageReferences = (
			);
			productRefGroup = 396CEFA62411BC8000C1FC41 /* Products */;
			projectDirPath = "";
			projectRoot = "";
			targets = (
				396CEFA42411BC8000C1FC41 /* Nerdinary */,
				396CEFBD2411BC8400C1FC41 /* NerdinaryTests */,
				396CEFC82411BC8400C1FC41 /* NerdinaryUITests */,
			);
		};
/* End PBXProject section */

/* Begin PBXResourcesBuildPhase section */
		396CEFA32411BC8000C1FC41 /* Resources */ = {
			isa = PBXResourcesBuildPhase;
			buildActionMask = 2147483647;
			files = (
				396CEFB82411BC8300C1FC41 /* LaunchScreen.storyboard in Resources */,
				396CEFB52411BC8300C1FC41 /* Preview Assets.xcassets in Resources */,
				396CEFB22411BC8300C1FC41 /* Assets.xcassets in Resources */,
			);
			runOnlyForDeploymentPostprocessing = 0;
		};
		396CEFBC2411BC8400C1FC41 /* Resources */ = {
			isa = PBXResourcesBuildPhase;
			buildActionMask = 2147483647;
			files = (
			);
			runOnlyForDeploymentPostprocessing = 0;
		};
		396CEFC72411BC8400C1FC41 /* Resources */ = {
			isa = PBXResourcesBuildPhase;
			buildActionMask = 2147483647;
			files = (
			);
			runOnlyForDeploymentPostprocessing = 0;
		};
/* End PBXResourcesBuildPhase section */

/* Begin PBXSourcesBuildPhase section */
		396CEFA12411BC8000C1FC41 /* Sources */ = {
			isa = PBXSourcesBuildPhase;
			buildActionMask = 2147483647;
			files = (
				39C7F98724461EEB00823892 /* QuizWordView.swift in Sources */,
				396CEFDE2411BF6900C1FC41 /* DictEntry.swift in Sources */,
				396CEFAE2411BC8000C1FC41 /* Nerdinary.xcdatamodeld in Sources */,
				39A0E902241ACCC000248D73 /* RegisterView.swift in Sources */,
				39933071243274AF00B087C0 /* RegisterButton.swift in Sources */,
				3993306F2432747800B087C0 /* WideButtonView.swift in Sources */,
				39BB31ED24451ACB009832F2 /* QuizView.swift in Sources */,
				39EDE8A1241864E7008A75EE /* HostingView.swift in Sources */,
				3993306D2432745900B087C0 /* InputTextField.swift in Sources */,
				39A0E911241F259400248D73 /* WordsListView.swift in Sources */,
				39A0E904241BDACD00248D73 /* ViewExtensionsAndModifiers.swift in Sources */,
				39D19312241AAC49003AA25C /* ViewRouter.swift in Sources */,
				39A0E90A241BDBAA00248D73 /* GlobalWordsView.swift in Sources */,
				399330772432EA2300B087C0 /* DynamicWordView.swift in Sources */,
				396CEFA92411BC8000C1FC41 /* AppDelegate.swift in Sources */,
				396CEFB02411BC8000C1FC41 /* DashBoard.swift in Sources */,
				39A0E90E241F238500248D73 /* SettingsView.swift in Sources */,
				396CEFE22411C3C500C1FC41 /* NewWordView.swift in Sources */,
				39C6F1D124411D540010D712 /* Entry.swift in Sources */,
				396CEFAB2411BC8000C1FC41 /* SceneDelegate.swift in Sources */,
				39EDE89F241849F8008A75EE /* LoginView.swift in Sources */,
				3993306B243273E000B087C0 /* ActivityIndicator.swift in Sources */,
				396CEFDC2411BEB800C1FC41 /* LocalWordsView.swift in Sources */,
				399330752432C52000B087C0 /* DBEntry.swift in Sources */,
				399330732432C3EC00B087C0 /* DBProfile.swift in Sources */,
			);
			runOnlyForDeploymentPostprocessing = 0;
		};
		396CEFBA2411BC8400C1FC41 /* Sources */ = {
			isa = PBXSourcesBuildPhase;
			buildActionMask = 2147483647;
			files = (
				396CEFC32411BC8400C1FC41 /* NerdinaryTests.swift in Sources */,
			);
			runOnlyForDeploymentPostprocessing = 0;
		};
		396CEFC52411BC8400C1FC41 /* Sources */ = {
			isa = PBXSourcesBuildPhase;
			buildActionMask = 2147483647;
			files = (
				396CEFCE2411BC8400C1FC41 /* NerdinaryUITests.swift in Sources */,
			);
			runOnlyForDeploymentPostprocessing = 0;
		};
/* End PBXSourcesBuildPhase section */

/* Begin PBXTargetDependency section */
		396CEFC02411BC8400C1FC41 /* PBXTargetDependency */ = {
			isa = PBXTargetDependency;
			target = 396CEFA42411BC8000C1FC41 /* Nerdinary */;
			targetProxy = 396CEFBF2411BC8400C1FC41 /* PBXContainerItemProxy */;
		};
		396CEFCB2411BC8400C1FC41 /* PBXTargetDependency */ = {
			isa = PBXTargetDependency;
			target = 396CEFA42411BC8000C1FC41 /* Nerdinary */;
			targetProxy = 396CEFCA2411BC8400C1FC41 /* PBXContainerItemProxy */;
		};
/* End PBXTargetDependency section */

/* Begin PBXVariantGroup section */
		396CEFB62411BC8300C1FC41 /* LaunchScreen.storyboard */ = {
			isa = PBXVariantGroup;
			children = (
				396CEFB72411BC8300C1FC41 /* Base */,
			);
			name = LaunchScreen.storyboard;
			sourceTree = "<group>";
		};
/* End PBXVariantGroup section */

/* Begin XCBuildConfiguration section */
		396CEFD02411BC8400C1FC41 /* Debug */ = {
			isa = XCBuildConfiguration;
			buildSettings = {
				ALWAYS_SEARCH_USER_PATHS = NO;
				CLANG_ANALYZER_NONNULL = YES;
				CLANG_ANALYZER_NUMBER_OBJECT_CONVERSION = YES_AGGRESSIVE;
				CLANG_CXX_LANGUAGE_STANDARD = "gnu++14";
				CLANG_CXX_LIBRARY = "libc++";
				CLANG_ENABLE_MODULES = YES;
				CLANG_ENABLE_OBJC_ARC = YES;
				CLANG_ENABLE_OBJC_WEAK = YES;
				CLANG_WARN_BLOCK_CAPTURE_AUTORELEASING = YES;
				CLANG_WARN_BOOL_CONVERSION = YES;
				CLANG_WARN_COMMA = YES;
				CLANG_WARN_CONSTANT_CONVERSION = YES;
				CLANG_WARN_DEPRECATED_OBJC_IMPLEMENTATIONS = YES;
				CLANG_WARN_DIRECT_OBJC_ISA_USAGE = YES_ERROR;
				CLANG_WARN_DOCUMENTATION_COMMENTS = YES;
				CLANG_WARN_EMPTY_BODY = YES;
				CLANG_WARN_ENUM_CONVERSION = YES;
				CLANG_WARN_INFINITE_RECURSION = YES;
				CLANG_WARN_INT_CONVERSION = YES;
				CLANG_WARN_NON_LITERAL_NULL_CONVERSION = YES;
				CLANG_WARN_OBJC_IMPLICIT_RETAIN_SELF = YES;
				CLANG_WARN_OBJC_LITERAL_CONVERSION = YES;
				CLANG_WARN_OBJC_ROOT_CLASS = YES_ERROR;
				CLANG_WARN_RANGE_LOOP_ANALYSIS = YES;
				CLANG_WARN_STRICT_PROTOTYPES = YES;
				CLANG_WARN_SUSPICIOUS_MOVE = YES;
				CLANG_WARN_UNGUARDED_AVAILABILITY = YES_AGGRESSIVE;
				CLANG_WARN_UNREACHABLE_CODE = YES;
				CLANG_WARN__DUPLICATE_METHOD_MATCH = YES;
				COPY_PHASE_STRIP = NO;
				DEBUG_INFORMATION_FORMAT = dwarf;
				ENABLE_STRICT_OBJC_MSGSEND = YES;
				ENABLE_TESTABILITY = YES;
				GCC_C_LANGUAGE_STANDARD = gnu11;
				GCC_DYNAMIC_NO_PIC = NO;
				GCC_NO_COMMON_BLOCKS = YES;
				GCC_OPTIMIZATION_LEVEL = 0;
				GCC_PREPROCESSOR_DEFINITIONS = (
					"DEBUG=1",
					"$(inherited)",
				);
				GCC_WARN_64_TO_32_BIT_CONVERSION = YES;
				GCC_WARN_ABOUT_RETURN_TYPE = YES_ERROR;
				GCC_WARN_UNDECLARED_SELECTOR = YES;
				GCC_WARN_UNINITIALIZED_AUTOS = YES_AGGRESSIVE;
				GCC_WARN_UNUSED_FUNCTION = YES;
				GCC_WARN_UNUSED_VARIABLE = YES;
				IPHONEOS_DEPLOYMENT_TARGET = 13.2;
				MTL_ENABLE_DEBUG_INFO = INCLUDE_SOURCE;
				MTL_FAST_MATH = YES;
				ONLY_ACTIVE_ARCH = YES;
				SDKROOT = iphoneos;
				SWIFT_ACTIVE_COMPILATION_CONDITIONS = DEBUG;
				SWIFT_OPTIMIZATION_LEVEL = "-Onone";
			};
			name = Debug;
		};
		396CEFD12411BC8400C1FC41 /* Release */ = {
			isa = XCBuildConfiguration;
			buildSettings = {
				ALWAYS_SEARCH_USER_PATHS = NO;
				CLANG_ANALYZER_NONNULL = YES;
				CLANG_ANALYZER_NUMBER_OBJECT_CONVERSION = YES_AGGRESSIVE;
				CLANG_CXX_LANGUAGE_STANDARD = "gnu++14";
				CLANG_CXX_LIBRARY = "libc++";
				CLANG_ENABLE_MODULES = YES;
				CLANG_ENABLE_OBJC_ARC = YES;
				CLANG_ENABLE_OBJC_WEAK = YES;
				CLANG_WARN_BLOCK_CAPTURE_AUTORELEASING = YES;
				CLANG_WARN_BOOL_CONVERSION = YES;
				CLANG_WARN_COMMA = YES;
				CLANG_WARN_CONSTANT_CONVERSION = YES;
				CLANG_WARN_DEPRECATED_OBJC_IMPLEMENTATIONS = YES;
				CLANG_WARN_DIRECT_OBJC_ISA_USAGE = YES_ERROR;
				CLANG_WARN_DOCUMENTATION_COMMENTS = YES;
				CLANG_WARN_EMPTY_BODY = YES;
				CLANG_WARN_ENUM_CONVERSION = YES;
				CLANG_WARN_INFINITE_RECURSION = YES;
				CLANG_WARN_INT_CONVERSION = YES;
				CLANG_WARN_NON_LITERAL_NULL_CONVERSION = YES;
				CLANG_WARN_OBJC_IMPLICIT_RETAIN_SELF = YES;
				CLANG_WARN_OBJC_LITERAL_CONVERSION = YES;
				CLANG_WARN_OBJC_ROOT_CLASS = YES_ERROR;
				CLANG_WARN_RANGE_LOOP_ANALYSIS = YES;
				CLANG_WARN_STRICT_PROTOTYPES = YES;
				CLANG_WARN_SUSPICIOUS_MOVE = YES;
				CLANG_WARN_UNGUARDED_AVAILABILITY = YES_AGGRESSIVE;
				CLANG_WARN_UNREACHABLE_CODE = YES;
				CLANG_WARN__DUPLICATE_METHOD_MATCH = YES;
				COPY_PHASE_STRIP = NO;
				DEBUG_INFORMATION_FORMAT = "dwarf-with-dsym";
				ENABLE_NS_ASSERTIONS = NO;
				ENABLE_STRICT_OBJC_MSGSEND = YES;
				GCC_C_LANGUAGE_STANDARD = gnu11;
				GCC_NO_COMMON_BLOCKS = YES;
				GCC_WARN_64_TO_32_BIT_CONVERSION = YES;
				GCC_WARN_ABOUT_RETURN_TYPE = YES_ERROR;
				GCC_WARN_UNDECLARED_SELECTOR = YES;
				GCC_WARN_UNINITIALIZED_AUTOS = YES_AGGRESSIVE;
				GCC_WARN_UNUSED_FUNCTION = YES;
				GCC_WARN_UNUSED_VARIABLE = YES;
				IPHONEOS_DEPLOYMENT_TARGET = 13.2;
				MTL_ENABLE_DEBUG_INFO = NO;
				MTL_FAST_MATH = YES;
				SDKROOT = iphoneos;
				SWIFT_COMPILATION_MODE = wholemodule;
				SWIFT_OPTIMIZATION_LEVEL = "-O";
				VALIDATE_PRODUCT = YES;
			};
			name = Release;
		};
		396CEFD32411BC8400C1FC41 /* Debug */ = {
			isa = XCBuildConfiguration;
			buildSettings = {
				ASSETCATALOG_COMPILER_APPICON_NAME = AppIcon;
				CODE_SIGN_STYLE = Automatic;
				DEVELOPMENT_ASSET_PATHS = "\"Nerdinary/Preview Content\"";
				DEVELOPMENT_TEAM = WEFRB4UV59;
				ENABLE_PREVIEWS = YES;
				INFOPLIST_FILE = Nerdinary/Info.plist;
				LD_RUNPATH_SEARCH_PATHS = (
					"$(inherited)",
					"@executable_path/Frameworks",
				);
				PRODUCT_BUNDLE_IDENTIFIER = com.awesomesauce.Nerdinary;
				PRODUCT_NAME = "$(TARGET_NAME)";
				SWIFT_VERSION = 5.0;
				TARGETED_DEVICE_FAMILY = "1,2";
			};
			name = Debug;
		};
		396CEFD42411BC8400C1FC41 /* Release */ = {
			isa = XCBuildConfiguration;
			buildSettings = {
				ASSETCATALOG_COMPILER_APPICON_NAME = AppIcon;
				CODE_SIGN_STYLE = Automatic;
				DEVELOPMENT_ASSET_PATHS = "\"Nerdinary/Preview Content\"";
				DEVELOPMENT_TEAM = WEFRB4UV59;
				ENABLE_PREVIEWS = YES;
				INFOPLIST_FILE = Nerdinary/Info.plist;
				LD_RUNPATH_SEARCH_PATHS = (
					"$(inherited)",
					"@executable_path/Frameworks",
				);
				PRODUCT_BUNDLE_IDENTIFIER = com.awesomesauce.Nerdinary;
				PRODUCT_NAME = "$(TARGET_NAME)";
				SWIFT_VERSION = 5.0;
				TARGETED_DEVICE_FAMILY = "1,2";
			};
			name = Release;
		};
		396CEFD62411BC8400C1FC41 /* Debug */ = {
			isa = XCBuildConfiguration;
			buildSettings = {
				ALWAYS_EMBED_SWIFT_STANDARD_LIBRARIES = YES;
				BUNDLE_LOADER = "$(TEST_HOST)";
				CODE_SIGN_STYLE = Automatic;
				DEVELOPMENT_TEAM = WEFRB4UV59;
				INFOPLIST_FILE = NerdinaryTests/Info.plist;
				IPHONEOS_DEPLOYMENT_TARGET = 13.2;
				LD_RUNPATH_SEARCH_PATHS = (
					"$(inherited)",
					"@executable_path/Frameworks",
					"@loader_path/Frameworks",
				);
				PRODUCT_BUNDLE_IDENTIFIER = com.awesomesauce.NerdinaryTests;
				PRODUCT_NAME = "$(TARGET_NAME)";
				SWIFT_VERSION = 5.0;
				TARGETED_DEVICE_FAMILY = "1,2";
				TEST_HOST = "$(BUILT_PRODUCTS_DIR)/Nerdinary.app/Nerdinary";
			};
			name = Debug;
		};
		396CEFD72411BC8400C1FC41 /* Release */ = {
			isa = XCBuildConfiguration;
			buildSettings = {
				ALWAYS_EMBED_SWIFT_STANDARD_LIBRARIES = YES;
				BUNDLE_LOADER = "$(TEST_HOST)";
				CODE_SIGN_STYLE = Automatic;
				DEVELOPMENT_TEAM = WEFRB4UV59;
				INFOPLIST_FILE = NerdinaryTests/Info.plist;
				IPHONEOS_DEPLOYMENT_TARGET = 13.2;
				LD_RUNPATH_SEARCH_PATHS = (
					"$(inherited)",
					"@executable_path/Frameworks",
					"@loader_path/Frameworks",
				);
				PRODUCT_BUNDLE_IDENTIFIER = com.awesomesauce.NerdinaryTests;
				PRODUCT_NAME = "$(TARGET_NAME)";
				SWIFT_VERSION = 5.0;
				TARGETED_DEVICE_FAMILY = "1,2";
				TEST_HOST = "$(BUILT_PRODUCTS_DIR)/Nerdinary.app/Nerdinary";
			};
			name = Release;
		};
		396CEFD92411BC8400C1FC41 /* Debug */ = {
			isa = XCBuildConfiguration;
			buildSettings = {
				ALWAYS_EMBED_SWIFT_STANDARD_LIBRARIES = YES;
				CODE_SIGN_STYLE = Automatic;
				DEVELOPMENT_TEAM = WEFRB4UV59;
				INFOPLIST_FILE = NerdinaryUITests/Info.plist;
				LD_RUNPATH_SEARCH_PATHS = (
					"$(inherited)",
					"@executable_path/Frameworks",
					"@loader_path/Frameworks",
				);
				PRODUCT_BUNDLE_IDENTIFIER = com.awesomesauce.NerdinaryUITests;
				PRODUCT_NAME = "$(TARGET_NAME)";
				SWIFT_VERSION = 5.0;
				TARGETED_DEVICE_FAMILY = "1,2";
				TEST_TARGET_NAME = Nerdinary;
			};
			name = Debug;
		};
		396CEFDA2411BC8400C1FC41 /* Release */ = {
			isa = XCBuildConfiguration;
			buildSettings = {
				ALWAYS_EMBED_SWIFT_STANDARD_LIBRARIES = YES;
				CODE_SIGN_STYLE = Automatic;
				DEVELOPMENT_TEAM = WEFRB4UV59;
				INFOPLIST_FILE = NerdinaryUITests/Info.plist;
				LD_RUNPATH_SEARCH_PATHS = (
					"$(inherited)",
					"@executable_path/Frameworks",
					"@loader_path/Frameworks",
				);
				PRODUCT_BUNDLE_IDENTIFIER = com.awesomesauce.NerdinaryUITests;
				PRODUCT_NAME = "$(TARGET_NAME)";
				SWIFT_VERSION = 5.0;
				TARGETED_DEVICE_FAMILY = "1,2";
				TEST_TARGET_NAME = Nerdinary;
			};
			name = Release;
		};
/* End XCBuildConfiguration section */

/* Begin XCConfigurationList section */
		396CEFA02411BC8000C1FC41 /* Build configuration list for PBXProject "Nerdinary" */ = {
			isa = XCConfigurationList;
			buildConfigurations = (
				396CEFD02411BC8400C1FC41 /* Debug */,
				396CEFD12411BC8400C1FC41 /* Release */,
			);
			defaultConfigurationIsVisible = 0;
			defaultConfigurationName = Release;
		};
		396CEFD22411BC8400C1FC41 /* Build configuration list for PBXNativeTarget "Nerdinary" */ = {
			isa = XCConfigurationList;
			buildConfigurations = (
				396CEFD32411BC8400C1FC41 /* Debug */,
				396CEFD42411BC8400C1FC41 /* Release */,
			);
			defaultConfigurationIsVisible = 0;
			defaultConfigurationName = Release;
		};
		396CEFD52411BC8400C1FC41 /* Build configuration list for PBXNativeTarget "NerdinaryTests" */ = {
			isa = XCConfigurationList;
			buildConfigurations = (
				396CEFD62411BC8400C1FC41 /* Debug */,
				396CEFD72411BC8400C1FC41 /* Release */,
			);
			defaultConfigurationIsVisible = 0;
			defaultConfigurationName = Release;
		};
		396CEFD82411BC8400C1FC41 /* Build configuration list for PBXNativeTarget "NerdinaryUITests" */ = {
			isa = XCConfigurationList;
			buildConfigurations = (
				396CEFD92411BC8400C1FC41 /* Debug */,
				396CEFDA2411BC8400C1FC41 /* Release */,
			);
			defaultConfigurationIsVisible = 0;
			defaultConfigurationName = Release;
		};
/* End XCConfigurationList section */

/* Begin XCVersionGroup section */
		396CEFAC2411BC8000C1FC41 /* Nerdinary.xcdatamodeld */ = {
			isa = XCVersionGroup;
			children = (
				396CEFAD2411BC8000C1FC41 /* Nerdinary.xcdatamodel */,
			);
			currentVersion = 396CEFAD2411BC8000C1FC41 /* Nerdinary.xcdatamodel */;
			path = Nerdinary.xcdatamodeld;
			sourceTree = "<group>";
			versionGroupType = wrapper.xcdatamodel;
		};
/* End XCVersionGroup section */
	};
	rootObject = 396CEF9D2411BC8000C1FC41 /* Project object */;
}
